
Microsoft Visual Studio Solution File, Format Version 12.00
# Visual Studio Version 17
VisualStudioVersion = 17.8.34408.163
MinimumVisualStudioVersion = 10.0.40219.1
Project("{2150E333-8FDC-42A3-9474-1A3956D46DE8}") = "Microservices", "Microservices", "{A1DC1BD4-2902-4610-9384-898D9D8CAD93}"
EndProject
Project("{9A19103F-16F7-4668-BE54-9A1E7A4F7556}") = "IdentityApi", "IdentityAPI\IdentityApi.csproj", "{FDEC02BA-7A5E-4BD5-A1C0-C5B7CCFEC6CD}"
EndProject
Project("{9A19103F-16F7-4668-BE54-9A1E7A4F7556}") = "sm_Blazor", "sm_Blazor\sm_Blazor.csproj", "{01A7C9E5-61C6-4643-B6EA-7E2B21B2B230}"
EndProject
Project("{9A19103F-16F7-4668-BE54-9A1E7A4F7556}") = "PostApi", "PostApi\PostApi.csproj", "{B38733B2-FCB3-47BF-A8B1-A1641FBBCF21}"
EndProject
Project("{9A19103F-16F7-4668-BE54-9A1E7A4F7556}") = "PeopleApi", "PeopleApi\PeopleApi.csproj", "{DA6F020A-DF70-4D77-AA07-783048C5E9EE}"
EndProject
Project("{E53339B2-1760-4266-BCC7-CA923CBCF16C}") = "docker-compose", "docker-compose.dcproj", "{17F7236A-D3BE-4B0C-BA18-50196F7A6382}"
EndProject
Global
	GlobalSection(SolutionConfigurationPlatforms) = preSolution
		Debug|Any CPU = Debug|Any CPU
		Release|Any CPU = Release|Any CPU
	EndGlobalSection
	GlobalSection(ProjectConfigurationPlatforms) = postSolution
		{FDEC02BA-7A5E-4BD5-A1C0-C5B7CCFEC6CD}.Debug|Any CPU.ActiveCfg = Debug|Any CPU
		{FDEC02BA-7A5E-4BD5-A1C0-C5B7CCFEC6CD}.Debug|Any CPU.Build.0 = Debug|Any CPU
		{FDEC02BA-7A5E-4BD5-A1C0-C5B7CCFEC6CD}.Release|Any CPU.ActiveCfg = Release|Any CPU
		{FDEC02BA-7A5E-4BD5-A1C0-C5B7CCFEC6CD}.Release|Any CPU.Build.0 = Release|Any CPU
		{01A7C9E5-61C6-4643-B6EA-7E2B21B2B230}.Debug|Any CPU.ActiveCfg = Debug|Any CPU
		{01A7C9E5-61C6-4643-B6EA-7E2B21B2B230}.Debug|Any CPU.Build.0 = Debug|Any CPU
		{01A7C9E5-61C6-4643-B6EA-7E2B21B2B230}.Release|Any CPU.ActiveCfg = Release|Any CPU
		{01A7C9E5-61C6-4643-B6EA-7E2B21B2B230}.Release|Any CPU.Build.0 = Release|Any CPU
		{B38733B2-FCB3-47BF-A8B1-A1641FBBCF21}.Debug|Any CPU.ActiveCfg = Debug|Any CPU
		{B38733B2-FCB3-47BF-A8B1-A1641FBBCF21}.Debug|Any CPU.Build.0 = Debug|Any CPU
		{B38733B2-FCB3-47BF-A8B1-A1641FBBCF21}.Release|Any CPU.ActiveCfg = Release|Any CPU
		{B38733B2-FCB3-47BF-A8B1-A1641FBBCF21}.Release|Any CPU.Build.0 = Release|Any CPU
		{DA6F020A-DF70-4D77-AA07-783048C5E9EE}.Debug|Any CPU.ActiveCfg = Debug|Any CPU
		{DA6F020A-DF70-4D77-AA07-783048C5E9EE}.Debug|Any CPU.Build.0 = Debug|Any CPU
		{DA6F020A-DF70-4D77-AA07-783048C5E9EE}.Release|Any CPU.ActiveCfg = Release|Any CPU
		{DA6F020A-DF70-4D77-AA07-783048C5E9EE}.Release|Any CPU.Build.0 = Release|Any CPU
		{17F7236A-D3BE-4B0C-BA18-50196F7A6382}.Debug|Any CPU.ActiveCfg = Debug|Any CPU
		{17F7236A-D3BE-4B0C-BA18-50196F7A6382}.Debug|Any CPU.Build.0 = Debug|Any CPU
		{17F7236A-D3BE-4B0C-BA18-50196F7A6382}.Release|Any CPU.ActiveCfg = Release|Any CPU
		{17F7236A-D3BE-4B0C-BA18-50196F7A6382}.Release|Any CPU.Build.0 = Release|Any CPU
	EndGlobalSection
	GlobalSection(SolutionProperties) = preSolution
		HideSolutionNode = FALSE
	EndGlobalSection
	GlobalSection(NestedProjects) = preSolution
		{FDEC02BA-7A5E-4BD5-A1C0-C5B7CCFEC6CD} = {A1DC1BD4-2902-4610-9384-898D9D8CAD93}
		{01A7C9E5-61C6-4643-B6EA-7E2B21B2B230} = {A1DC1BD4-2902-4610-9384-898D9D8CAD93}
		{B38733B2-FCB3-47BF-A8B1-A1641FBBCF21} = {A1DC1BD4-2902-4610-9384-898D9D8CAD93}
		{DA6F020A-DF70-4D77-AA07-783048C5E9EE} = {A1DC1BD4-2902-4610-9384-898D9D8CAD93}
	EndGlobalSection
	GlobalSection(ExtensibilityGlobals) = postSolution
		SolutionGuid = {EDC21C8A-CE67-47A2-BD78-56658DA08268}
	EndGlobalSection
EndGlobal
